
Microsoft Visual Studio Solution File, Format Version 12.00
# Visual Studio Version 17
VisualStudioVersion = 17.8.34408.163
MinimumVisualStudioVersion = 10.0.40219.1
Project("{9A19103F-16F7-4668-BE54-9A1E7A4F7556}") = "Mexoft-site", "Mexoft-site.csproj", "{04230CA4-0C99-4E76-8BAC-8CF02C273167}"
EndProject
Global
	GlobalSection(SolutionConfigurationPlatforms) = preSolution
		Debug|Any CPU = Debug|Any CPU
		Release|Any CPU = Release|Any CPU
	EndGlobalSection
	GlobalSection(ProjectConfigurationPlatforms) = postSolution
		{04230CA4-0C99-4E76-8BAC-8CF02C273167}.Debug|Any CPU.ActiveCfg = Debug|Any CPU
		{04230CA4-0C99-4E76-8BAC-8CF02C273167}.Debug|Any CPU.Build.0 = Debug|Any CPU
		{04230CA4-0C99-4E76-8BAC-8CF02C273167}.Release|Any CPU.ActiveCfg = Release|Any CPU
		{04230CA4-0C99-4E76-8BAC-8CF02C273167}.Release|Any CPU.Build.0 = Release|Any CPU
	EndGlobalSection
	GlobalSection(SolutionProperties) = preSolution
		HideSolutionNode = FALSE
	EndGlobalSection
	GlobalSection(ExtensibilityGlobals) = postSolution
		SolutionGuid = {3CEEF706-DB25-4E5C-9A67-6A3702AF3FE3}
	EndGlobalSection
EndGlobal
